// !$*UTF8*$!
{
	archiveVersion = 1;
	classes = {
	};
	objectVersion = 50;
	objects = {

/* Begin PBXBuildFile section */
		8354D8AD260CD0DB008BB41B /* AppDelegate.m in Sources */ = {isa = PBXBuildFile; fileRef = 8354D8AC260CD0DB008BB41B /* AppDelegate.m */; };
		8354D8B0260CD0DB008BB41B /* SceneDelegate.m in Sources */ = {isa = PBXBuildFile; fileRef = 8354D8AF260CD0DB008BB41B /* SceneDelegate.m */; };
		8354D8B3260CD0DB008BB41B /* ViewController.m in Sources */ = {isa = PBXBuildFile; fileRef = 8354D8B2260CD0DB008BB41B /* ViewController.m */; };
		8354D8B6260CD0DB008BB41B /* Main.storyboard in Resources */ = {isa = PBXBuildFile; fileRef = 8354D8B4260CD0DB008BB41B /* Main.storyboard */; };
		8354D8B8260CD0DC008BB41B /* Assets.xcassets in Resources */ = {isa = PBXBuildFile; fileRef = 8354D8B7260CD0DC008BB41B /* Assets.xcassets */; };
		8354D8BB260CD0DC008BB41B /* LaunchScreen.storyboard in Resources */ = {isa = PBXBuildFile; fileRef = 8354D8B9260CD0DC008BB41B /* LaunchScreen.storyboard */; };
		8354D8BE260CD0DC008BB41B /* main.m in Sources */ = {isa = PBXBuildFile; fileRef = 8354D8BD260CD0DC008BB41B /* main.m */; };
		8354D8C8260CD0DC008BB41B /* _4__PropertiesPart2LessonTests.m in Sources */ = {isa = PBXBuildFile; fileRef = 8354D8C7260CD0DC008BB41B /* _4__PropertiesPart2LessonTests.m */; };
		8354D8D3260CD0DC008BB41B /* _4__PropertiesPart2LessonUITests.m in Sources */ = {isa = PBXBuildFile; fileRef = 8354D8D2260CD0DC008BB41B /* _4__PropertiesPart2LessonUITests.m */; };
/* End PBXBuildFile section */

/* Begin PBXContainerItemProxy section */
		8354D8C4260CD0DC008BB41B /* PBXContainerItemProxy */ = {
			isa = PBXContainerItemProxy;
			containerPortal = 8354D8A0260CD0DA008BB41B /* Project object */;
			proxyType = 1;
			remoteGlobalIDString = 8354D8A7260CD0DB008BB41B;
			remoteInfo = "04. PropertiesPart2Lesson";
		};
		8354D8CF260CD0DC008BB41B /* PBXContainerItemProxy */ = {
			isa = PBXContainerItemProxy;
			containerPortal = 8354D8A0260CD0DA008BB41B /* Project object */;
			proxyType = 1;
			remoteGlobalIDString = 8354D8A7260CD0DB008BB41B;
			remoteInfo = "04. PropertiesPart2Lesson";
		};
/* End PBXContainerItemProxy section */

/* Begin PBXFileReference section */
		8354D8A8260CD0DB008BB41B /* 04. PropertiesPart2Lesson.app */ = {isa = PBXFileReference; explicitFileType = wrapper.application; includeInIndex = 0; path = "04. PropertiesPart2Lesson.app"; sourceTree = BUILT_PRODUCTS_DIR; };
		8354D8AB260CD0DB008BB41B /* AppDelegate.h */ = {isa = PBXFileReference; lastKnownFileType = sourcecode.c.h; path = AppDelegate.h; sourceTree = "<group>"; };
		8354D8AC260CD0DB008BB41B /* AppDelegate.m */ = {isa = PBXFileReference; lastKnownFileType = sourcecode.c.objc; path = AppDelegate.m; sourceTree = "<group>"; };
		8354D8AE260CD0DB008BB41B /* SceneDelegate.h */ = {isa = PBXFileReference; lastKnownFileType = sourcecode.c.h; path = SceneDelegate.h; sourceTree = "<group>"; };
		8354D8AF260CD0DB008BB41B /* SceneDelegate.m */ = {isa = PBXFileReference; lastKnownFileType = sourcecode.c.objc; path = SceneDelegate.m; sourceTree = "<group>"; };
		8354D8B1260CD0DB008BB41B /* ViewController.h */ = {isa = PBXFileReference; lastKnownFileType = sourcecode.c.h; path = ViewController.h; sourceTree = "<group>"; };
		8354D8B2260CD0DB008BB41B /* ViewController.m */ = {isa = PBXFileReference; lastKnownFileType = sourcecode.c.objc; path = ViewController.m; sourceTree = "<group>"; };
		8354D8B5260CD0DB008BB41B /* Base */ = {isa = PBXFileReference; lastKnownFileType = file.storyboard; name = Base; path = Base.lproj/Main.storyboard; sourceTree = "<group>"; };
		8354D8B7260CD0DC008BB41B /* Assets.xcassets */ = {isa = PBXFileReference; lastKnownFileType = folder.assetcatalog; path = Assets.xcassets; sourceTree = "<group>"; };
		8354D8BA260CD0DC008BB41B /* Base */ = {isa = PBXFileReference; lastKnownFileType = file.storyboard; name = Base; path = Base.lproj/LaunchScreen.storyboard; sourceTree = "<group>"; };
		8354D8BC260CD0DC008BB41B /* Info.plist */ = {isa = PBXFileReference; lastKnownFileType = text.plist.xml; path = Info.plist; sourceTree = "<group>"; };
		8354D8BD260CD0DC008BB41B /* main.m */ = {isa = PBXFileReference; lastKnownFileType = sourcecode.c.objc; path = main.m; sourceTree = "<group>"; };
		8354D8C3260CD0DC008BB41B /* 04. PropertiesPart2LessonTests.xctest */ = {isa = PBXFileReference; explicitFileType = wrapper.cfbundle; includeInIndex = 0; path = "04. PropertiesPart2LessonTests.xctest"; sourceTree = BUILT_PRODUCTS_DIR; };
		8354D8C7260CD0DC008BB41B /* _4__PropertiesPart2LessonTests.m */ = {isa = PBXFileReference; lastKnownFileType = sourcecode.c.objc; path = _4__PropertiesPart2LessonTests.m; sourceTree = "<group>"; };
		8354D8C9260CD0DC008BB41B /* Info.plist */ = {isa = PBXFileReference; lastKnownFileType = text.plist.xml; path = Info.plist; sourceTree = "<group>"; };
		8354D8CE260CD0DC008BB41B /* 04. PropertiesPart2LessonUITests.xctest */ = {isa = PBXFileReference; explicitFileType = wrapper.cfbundle; includeInIndex = 0; path = "04. PropertiesPart2LessonUITests.xctest"; sourceTree = BUILT_PRODUCTS_DIR; };
		8354D8D2260CD0DC008BB41B /* _4__PropertiesPart2LessonUITests.m */ = {isa = PBXFileReference; lastKnownFileType = sourcecode.c.objc; path = _4__PropertiesPart2LessonUITests.m; sourceTree = "<group>"; };
		8354D8D4260CD0DC008BB41B /* Info.plist */ = {isa = PBXFileReference; lastKnownFileType = text.plist.xml; path = Info.plist; sourceTree = "<group>"; };
/* End PBXFileReference section */

/* Begin PBXFrameworksBuildPhase section */
		8354D8A5260CD0DB008BB41B /* Frameworks */ = {
			isa = PBXFrameworksBuildPhase;
			buildActionMask = 2147483647;
			files = (
			);
			runOnlyForDeploymentPostprocessing = 0;
		};
		8354D8C0260CD0DC008BB41B /* Frameworks */ = {
			isa = PBXFrameworksBuildPhase;
			buildActionMask = 2147483647;
			files = (
			);
			runOnlyForDeploymentPostprocessing = 0;
		};
		8354D8CB260CD0DC008BB41B /* Frameworks */ = {
			isa = PBXFrameworksBuildPhase;
			buildActionMask = 2147483647;
			files = (
			);
			runOnlyForDeploymentPostprocessing = 0;
		};
/* End PBXFrameworksBuildPhase section */

/* Begin PBXGroup section */
		8354D89F260CD0DA008BB41B = {
			isa = PBXGroup;
			children = (
				8354D8AA260CD0DB008BB41B /* 04. PropertiesPart2Lesson */,
				8354D8C6260CD0DC008BB41B /* 04. PropertiesPart2LessonTests */,
				8354D8D1260CD0DC008BB41B /* 04. PropertiesPart2LessonUITests */,
				8354D8A9260CD0DB008BB41B /* Products */,
			);
			sourceTree = "<group>";
		};
		8354D8A9260CD0DB008BB41B /* Products */ = {
			isa = PBXGroup;
			children = (
				8354D8A8260CD0DB008BB41B /* 04. PropertiesPart2Lesson.app */,
				8354D8C3260CD0DC008BB41B /* 04. PropertiesPart2LessonTests.xctest */,
				8354D8CE260CD0DC008BB41B /* 04. PropertiesPart2LessonUITests.xctest */,
			);
			name = Products;
			sourceTree = "<group>";
		};
		8354D8AA260CD0DB008BB41B /* 04. PropertiesPart2Lesson */ = {
			isa = PBXGroup;
			children = (
				8354D8AB260CD0DB008BB41B /* AppDelegate.h */,
				8354D8AC260CD0DB008BB41B /* AppDelegate.m */,
				8354D8AE260CD0DB008BB41B /* SceneDelegate.h */,
				8354D8AF260CD0DB008BB41B /* SceneDelegate.m */,
				8354D8B1260CD0DB008BB41B /* ViewController.h */,
				8354D8B2260CD0DB008BB41B /* ViewController.m */,
				8354D8B4260CD0DB008BB41B /* Main.storyboard */,
				8354D8B7260CD0DC008BB41B /* Assets.xcassets */,
				8354D8B9260CD0DC008BB41B /* LaunchScreen.storyboard */,
				8354D8BC260CD0DC008BB41B /* Info.plist */,
				8354D8BD260CD0DC008BB41B /* main.m */,
			);
			path = "04. PropertiesPart2Lesson";
			sourceTree = "<group>";
		};
		8354D8C6260CD0DC008BB41B /* 04. PropertiesPart2LessonTests */ = {
			isa = PBXGroup;
			children = (
				8354D8C7260CD0DC008BB41B /* _4__PropertiesPart2LessonTests.m */,
				8354D8C9260CD0DC008BB41B /* Info.plist */,
			);
			path = "04. PropertiesPart2LessonTests";
			sourceTree = "<group>";
		};
		8354D8D1260CD0DC008BB41B /* 04. PropertiesPart2LessonUITests */ = {
			isa = PBXGroup;
			children = (
				8354D8D2260CD0DC008BB41B /* _4__PropertiesPart2LessonUITests.m */,
				8354D8D4260CD0DC008BB41B /* Info.plist */,
			);
			path = "04. PropertiesPart2LessonUITests";
			sourceTree = "<group>";
		};
/* End PBXGroup section */

/* Begin PBXNativeTarget section */
		8354D8A7260CD0DB008BB41B /* 04. PropertiesPart2Lesson */ = {
			isa = PBXNativeTarget;
			buildConfigurationList = 8354D8D7260CD0DC008BB41B /* Build configuration list for PBXNativeTarget "04. PropertiesPart2Lesson" */;
			buildPhases = (
				8354D8A4260CD0DB008BB41B /* Sources */,
				8354D8A5260CD0DB008BB41B /* Frameworks */,
				8354D8A6260CD0DB008BB41B /* Resources */,
			);
			buildRules = (
			);
			dependencies = (
			);
			name = "04. PropertiesPart2Lesson";
			productName = "04. PropertiesPart2Lesson";
			productReference = 8354D8A8260CD0DB008BB41B /* 04. PropertiesPart2Lesson.app */;
			productType = "com.apple.product-type.application";
		};
		8354D8C2260CD0DC008BB41B /* 04. PropertiesPart2LessonTests */ = {
			isa = PBXNativeTarget;
			buildConfigurationList = 8354D8DA260CD0DC008BB41B /* Build configuration list for PBXNativeTarget "04. PropertiesPart2LessonTests" */;
			buildPhases = (
				8354D8BF260CD0DC008BB41B /* Sources */,
				8354D8C0260CD0DC008BB41B /* Frameworks */,
				8354D8C1260CD0DC008BB41B /* Resources */,
			);
			buildRules = (
			);
			dependencies = (
				8354D8C5260CD0DC008BB41B /* PBXTargetDependency */,
			);
			name = "04. PropertiesPart2LessonTests";
			productName = "04. PropertiesPart2LessonTests";
			productReference = 8354D8C3260CD0DC008BB41B /* 04. PropertiesPart2LessonTests.xctest */;
			productType = "com.apple.product-type.bundle.unit-test";
		};
		8354D8CD260CD0DC008BB41B /* 04. PropertiesPart2LessonUITests */ = {
			isa = PBXNativeTarget;
			buildConfigurationList = 8354D8DD260CD0DC008BB41B /* Build configuration list for PBXNativeTarget "04. PropertiesPart2LessonUITests" */;
			buildPhases = (
				8354D8CA260CD0DC008BB41B /* Sources */,
				8354D8CB260CD0DC008BB41B /* Frameworks */,
				8354D8CC260CD0DC008BB41B /* Resources */,
			);
			buildRules = (
			);
			dependencies = (
				8354D8D0260CD0DC008BB41B /* PBXTargetDependency */,
			);
			name = "04. PropertiesPart2LessonUITests";
			productName = "04. PropertiesPart2LessonUITests";
			productReference = 8354D8CE260CD0DC008BB41B /* 04. PropertiesPart2LessonUITests.xctest */;
			productType = "com.apple.product-type.bundle.ui-testing";
		};
/* End PBXNativeTarget section */

/* Begin PBXProject section */
		8354D8A0260CD0DA008BB41B /* Project object */ = {
			isa = PBXProject;
			attributes = {
				LastUpgradeCheck = 1240;
				TargetAttributes = {
					8354D8A7260CD0DB008BB41B = {
						CreatedOnToolsVersion = 12.4;
					};
					8354D8C2260CD0DC008BB41B = {
						CreatedOnToolsVersion = 12.4;
						TestTargetID = 8354D8A7260CD0DB008BB41B;
					};
					8354D8CD260CD0DC008BB41B = {
						CreatedOnToolsVersion = 12.4;
						TestTargetID = 8354D8A7260CD0DB008BB41B;
					};
				};
			};
			buildConfigurationList = 8354D8A3260CD0DA008BB41B /* Build configuration list for PBXProject "04. PropertiesPart2Lesson" */;
			compatibilityVersion = "Xcode 9.3";
			developmentRegion = en;
			hasScannedForEncodings = 0;
			knownRegions = (
				en,
				Base,
			);
			mainGroup = 8354D89F260CD0DA008BB41B;
			productRefGroup = 8354D8A9260CD0DB008BB41B /* Products */;
			projectDirPath = "";
			projectRoot = "";
			targets = (
				8354D8A7260CD0DB008BB41B /* 04. PropertiesPart2Lesson */,
				8354D8C2260CD0DC008BB41B /* 04. PropertiesPart2LessonTests */,
				8354D8CD260CD0DC008BB41B /* 04. PropertiesPart2LessonUITests */,
			);
		};
/* End PBXProject section */

/* Begin PBXResourcesBuildPhase section */
		8354D8A6260CD0DB008BB41B /* Resources */ = {
			isa = PBXResourcesBuildPhase;
			buildActionMask = 2147483647;
			files = (
				8354D8BB260CD0DC008BB41B /* LaunchScreen.storyboard in Resources */,
				8354D8B8260CD0DC008BB41B /* Assets.xcassets in Resources */,
				8354D8B6260CD0DB008BB41B /* Main.storyboard in Resources */,
			);
			runOnlyForDeploymentPostprocessing = 0;
		};
		8354D8C1260CD0DC008BB41B /* Resources */ = {
			isa = PBXResourcesBuildPhase;
			buildActionMask = 2147483647;
			files = (
			);
			runOnlyForDeploymentPostprocessing = 0;
		};
		8354D8CC260CD0DC008BB41B /* Resources */ = {
			isa = PBXResourcesBuildPhase;
			buildActionMask = 2147483647;
			files = (
			);
			runOnlyForDeploymentPostprocessing = 0;
		};
/* End PBXResourcesBuildPhase section */

/* Begin PBXSourcesBuildPhase section */
		8354D8A4260CD0DB008BB41B /* Sources */ = {
			isa = PBXSourcesBuildPhase;
			buildActionMask = 2147483647;
			files = (
				8354D8B3260CD0DB008BB41B /* ViewController.m in Sources */,
				8354D8AD260CD0DB008BB41B /* AppDelegate.m in Sources */,
				8354D8BE260CD0DC008BB41B /* main.m in Sources */,
				8354D8B0260CD0DB008BB41B /* SceneDelegate.m in Sources */,
			);
			runOnlyForDeploymentPostprocessing = 0;
		};
		8354D8BF260CD0DC008BB41B /* Sources */ = {
			isa = PBXSourcesBuildPhase;
			buildActionMask = 2147483647;
			files = (
				8354D8C8260CD0DC008BB41B /* _4__PropertiesPart2LessonTests.m in Sources */,
			);
			runOnlyForDeploymentPostprocessing = 0;
		};
		8354D8CA260CD0DC008BB41B /* Sources */ = {
			isa = PBXSourcesBuildPhase;
			buildActionMask = 2147483647;
			files = (
				8354D8D3260CD0DC008BB41B /* _4__PropertiesPart2LessonUITests.m in Sources */,
			);
			runOnlyForDeploymentPostprocessing = 0;
		};
/* End PBXSourcesBuildPhase section */

/* Begin PBXTargetDependency section */
		8354D8C5260CD0DC008BB41B /* PBXTargetDependency */ = {
			isa = PBXTargetDependency;
			target = 8354D8A7260CD0DB008BB41B /* 04. PropertiesPart2Lesson */;
			targetProxy = 8354D8C4260CD0DC008BB41B /* PBXContainerItemProxy */;
		};
		8354D8D0260CD0DC008BB41B /* PBXTargetDependency */ = {
			isa = PBXTargetDependency;
			target = 8354D8A7260CD0DB008BB41B /* 04. PropertiesPart2Lesson */;
			targetProxy = 8354D8CF260CD0DC008BB41B /* PBXContainerItemProxy */;
		};
/* End PBXTargetDependency section */

/* Begin PBXVariantGroup section */
		8354D8B4260CD0DB008BB41B /* Main.storyboard */ = {
			isa = PBXVariantGroup;
			children = (
				8354D8B5260CD0DB008BB41B /* Base */,
			);
			name = Main.storyboard;
			sourceTree = "<group>";
		};
		8354D8B9260CD0DC008BB41B /* LaunchScreen.storyboard */ = {
			isa = PBXVariantGroup;
			children = (
				8354D8BA260CD0DC008BB41B /* Base */,
			);
			name = LaunchScreen.storyboard;
			sourceTree = "<group>";
		};
/* End PBXVariantGroup section */

/* Begin XCBuildConfiguration section */
		8354D8D5260CD0DC008BB41B /* Debug */ = {
			isa = XCBuildConfiguration;
			buildSettings = {
				ALWAYS_SEARCH_USER_PATHS = NO;
				CLANG_ANALYZER_NONNULL = YES;
				CLANG_ANALYZER_NUMBER_OBJECT_CONVERSION = YES_AGGRESSIVE;
				CLANG_CXX_LANGUAGE_STANDARD = "gnu++14";
				CLANG_CXX_LIBRARY = "libc++";
				CLANG_ENABLE_MODULES = YES;
				CLANG_ENABLE_OBJC_ARC = YES;
				CLANG_ENABLE_OBJC_WEAK = YES;
				CLANG_WARN_BLOCK_CAPTURE_AUTORELEASING = YES;
				CLANG_WARN_BOOL_CONVERSION = YES;
				CLANG_WARN_COMMA = YES;
				CLANG_WARN_CONSTANT_CONVERSION = YES;
				CLANG_WARN_DEPRECATED_OBJC_IMPLEMENTATIONS = YES;
				CLANG_WARN_DIRECT_OBJC_ISA_USAGE = YES_ERROR;
				CLANG_WARN_DOCUMENTATION_COMMENTS = YES;
				CLANG_WARN_EMPTY_BODY = YES;
				CLANG_WARN_ENUM_CONVERSION = YES;
				CLANG_WARN_INFINITE_RECURSION = YES;
				CLANG_WARN_INT_CONVERSION = YES;
				CLANG_WARN_NON_LITERAL_NULL_CONVERSION = YES;
				CLANG_WARN_OBJC_IMPLICIT_RETAIN_SELF = YES;
				CLANG_WARN_OBJC_LITERAL_CONVERSION = YES;
				CLANG_WARN_OBJC_ROOT_CLASS = YES_ERROR;
				CLANG_WARN_QUOTED_INCLUDE_IN_FRAMEWORK_HEADER = YES;
				CLANG_WARN_RANGE_LOOP_ANALYSIS = YES;
				CLANG_WARN_STRICT_PROTOTYPES = YES;
				CLANG_WARN_SUSPICIOUS_MOVE = YES;
				CLANG_WARN_UNGUARDED_AVAILABILITY = YES_AGGRESSIVE;
				CLANG_WARN_UNREACHABLE_CODE = YES;
				CLANG_WARN__DUPLICATE_METHOD_MATCH = YES;
				COPY_PHASE_STRIP = NO;
				DEBUG_INFORMATION_FORMAT = dwarf;
				ENABLE_STRICT_OBJC_MSGSEND = YES;
				ENABLE_TESTABILITY = YES;
				GCC_C_LANGUAGE_STANDARD = gnu11;
				GCC_DYNAMIC_NO_PIC = NO;
				GCC_NO_COMMON_BLOCKS = YES;
				GCC_OPTIMIZATION_LEVEL = 0;
				GCC_PREPROCESSOR_DEFINITIONS = (
					"DEBUG=1",
					"$(inherited)",
				);
				GCC_WARN_64_TO_32_BIT_CONVERSION = YES;
				GCC_WARN_ABOUT_RETURN_TYPE = YES_ERROR;
				GCC_WARN_UNDECLARED_SELECTOR = YES;
				GCC_WARN_UNINITIALIZED_AUTOS = YES_AGGRESSIVE;
				GCC_WARN_UNUSED_FUNCTION = YES;
				GCC_WARN_UNUSED_VARIABLE = YES;
				IPHONEOS_DEPLOYMENT_TARGET = 14.4;
				MTL_ENABLE_DEBUG_INFO = INCLUDE_SOURCE;
				MTL_FAST_MATH = YES;
				ONLY_ACTIVE_ARCH = YES;
				SDKROOT = iphoneos;
			};
			name = Debug;
		};
		8354D8D6260CD0DC008BB41B /* Release */ = {
			isa = XCBuildConfiguration;
			buildSettings = {
				ALWAYS_SEARCH_USER_PATHS = NO;
				CLANG_ANALYZER_NONNULL = YES;
				CLANG_ANALYZER_NUMBER_OBJECT_CONVERSION = YES_AGGRESSIVE;
				CLANG_CXX_LANGUAGE_STANDARD = "gnu++14";
				CLANG_CXX_LIBRARY = "libc++";
				CLANG_ENABLE_MODULES = YES;
				CLANG_ENABLE_OBJC_ARC = YES;
				CLANG_ENABLE_OBJC_WEAK = YES;
				CLANG_WARN_BLOCK_CAPTURE_AUTORELEASING = YES;
				CLANG_WARN_BOOL_CONVERSION = YES;
				CLANG_WARN_COMMA = YES;
				CLANG_WARN_CONSTANT_CONVERSION = YES;
				CLANG_WARN_DEPRECATED_OBJC_IMPLEMENTATIONS = YES;
				CLANG_WARN_DIRECT_OBJC_ISA_USAGE = YES_ERROR;
				CLANG_WARN_DOCUMENTATION_COMMENTS = YES;
				CLANG_WARN_EMPTY_BODY = YES;
				CLANG_WARN_ENUM_CONVERSION = YES;
				CLANG_WARN_INFINITE_RECURSION = YES;
				CLANG_WARN_INT_CONVERSION = YES;
				CLANG_WARN_NON_LITERAL_NULL_CONVERSION = YES;
				CLANG_WARN_OBJC_IMPLICIT_RETAIN_SELF = YES;
				CLANG_WARN_OBJC_LITERAL_CONVERSION = YES;
				CLANG_WARN_OBJC_ROOT_CLASS = YES_ERROR;
				CLANG_WARN_QUOTED_INCLUDE_IN_FRAMEWORK_HEADER = YES;
				CLANG_WARN_RANGE_LOOP_ANALYSIS = YES;
				CLANG_WARN_STRICT_PROTOTYPES = YES;
				CLANG_WARN_SUSPICIOUS_MOVE = YES;
				CLANG_WARN_UNGUARDED_AVAILABILITY = YES_AGGRESSIVE;
				CLANG_WARN_UNREACHABLE_CODE = YES;
				CLANG_WARN__DUPLICATE_METHOD_MATCH = YES;
				COPY_PHASE_STRIP = NO;
				DEBUG_INFORMATION_FORMAT = "dwarf-with-dsym";
				ENABLE_NS_ASSERTIONS = NO;
				ENABLE_STRICT_OBJC_MSGSEND = YES;
				GCC_C_LANGUAGE_STANDARD = gnu11;
				GCC_NO_COMMON_BLOCKS = YES;
				GCC_WARN_64_TO_32_BIT_CONVERSION = YES;
				GCC_WARN_ABOUT_RETURN_TYPE = YES_ERROR;
				GCC_WARN_UNDECLARED_SELECTOR = YES;
				GCC_WARN_UNINITIALIZED_AUTOS = YES_AGGRESSIVE;
				GCC_WARN_UNUSED_FUNCTION = YES;
				GCC_WARN_UNUSED_VARIABLE = YES;
				IPHONEOS_DEPLOYMENT_TARGET = 14.4;
				MTL_ENABLE_DEBUG_INFO = NO;
				MTL_FAST_MATH = YES;
				SDKROOT = iphoneos;
				VALIDATE_PRODUCT = YES;
			};
			name = Release;
		};
		8354D8D8260CD0DC008BB41B /* Debug */ = {
			isa = XCBuildConfiguration;
			buildSettings = {
				ASSETCATALOG_COMPILER_APPICON_NAME = AppIcon;
				ASSETCATALOG_COMPILER_GLOBAL_ACCENT_COLOR_NAME = AccentColor;
				CODE_SIGN_STYLE = Automatic;
				DEVELOPMENT_TEAM = 2Z2D88P9NV;
				INFOPLIST_FILE = "04. PropertiesPart2Lesson/Info.plist";
				LD_RUNPATH_SEARCH_PATHS = (
					"$(inherited)",
					"@executable_path/Frameworks",
				);
				PRODUCT_BUNDLE_IDENTIFIER = "com.dmytrosayko.-4--PropertiesPart2Lesson";
				PRODUCT_NAME = "$(TARGET_NAME)";
				TARGETED_DEVICE_FAMILY = "1,2";
			};
			name = Debug;
		};
		8354D8D9260CD0DC008BB41B /* Release */ = {
			isa = XCBuildConfiguration;
			buildSettings = {
				ASSETCATALOG_COMPILER_APPICON_NAME = AppIcon;
				ASSETCATALOG_COMPILER_GLOBAL_ACCENT_COLOR_NAME = AccentColor;
				CODE_SIGN_STYLE = Automatic;
				DEVELOPMENT_TEAM = 2Z2D88P9NV;
				INFOPLIST_FILE = "04. PropertiesPart2Lesson/Info.plist";
				LD_RUNPATH_SEARCH_PATHS = (
					"$(inherited)",
					"@executable_path/Frameworks",
				);
				PRODUCT_BUNDLE_IDENTIFIER = "com.dmytrosayko.-4--PropertiesPart2Lesson";
				PRODUCT_NAME = "$(TARGET_NAME)";
				TARGETED_DEVICE_FAMILY = "1,2";
			};
			name = Release;
		};
		8354D8DB260CD0DC008BB41B /* Debug */ = {
			isa = XCBuildConfiguration;
			buildSettings = {
				BUNDLE_LOADER = "$(TEST_HOST)";
				CODE_SIGN_STYLE = Automatic;
				DEVELOPMENT_TEAM = 2Z2D88P9NV;
				INFOPLIST_FILE = "04. PropertiesPart2LessonTests/Info.plist";
				IPHONEOS_DEPLOYMENT_TARGET = 14.4;
				LD_RUNPATH_SEARCH_PATHS = (
					"$(inherited)",
					"@executable_path/Frameworks",
					"@loader_path/Frameworks",
				);
				PRODUCT_BUNDLE_IDENTIFIER = "com.dmytrosayko.-4--PropertiesPart2LessonTests";
				PRODUCT_NAME = "$(TARGET_NAME)";
				TARGETED_DEVICE_FAMILY = "1,2";
				TEST_HOST = "$(BUILT_PRODUCTS_DIR)/04. PropertiesPart2Lesson.app/04. PropertiesPart2Lesson";
			};
			name = Debug;
		};
		8354D8DC260CD0DC008BB41B /* Release */ = {
			isa = XCBuildConfiguration;
			buildSettings = {
				BUNDLE_LOADER = "$(TEST_HOST)";
				CODE_SIGN_STYLE = Automatic;
				DEVELOPMENT_TEAM = 2Z2D88P9NV;
				INFOPLIST_FILE = "04. PropertiesPart2LessonTests/Info.plist";
				IPHONEOS_DEPLOYMENT_TARGET = 14.4;
				LD_RUNPATH_SEARCH_PATHS = (
					"$(inherited)",
					"@executable_path/Frameworks",
					"@loader_path/Frameworks",
				);
				PRODUCT_BUNDLE_IDENTIFIER = "com.dmytrosayko.-4--PropertiesPart2LessonTests";
				PRODUCT_NAME = "$(TARGET_NAME)";
				TARGETED_DEVICE_FAMILY = "1,2";
				TEST_HOST = "$(BUILT_PRODUCTS_DIR)/04. PropertiesPart2Lesson.app/04. PropertiesPart2Lesson";
			};
			name = Release;
		};
		8354D8DE260CD0DC008BB41B /* Debug */ = {
			isa = XCBuildConfiguration;
			buildSettings = {
				CODE_SIGN_STYLE = Automatic;
				DEVELOPMENT_TEAM = 2Z2D88P9NV;
				INFOPLIST_FILE = "04. PropertiesPart2LessonUITests/Info.plist";
				LD_RUNPATH_SEARCH_PATHS = (
					"$(inherited)",
					"@executable_path/Frameworks",
					"@loader_path/Frameworks",
				);
				PRODUCT_BUNDLE_IDENTIFIER = "com.dmytrosayko.-4--PropertiesPart2LessonUITests";
				PRODUCT_NAME = "$(TARGET_NAME)";
				TARGETED_DEVICE_FAMILY = "1,2";
				TEST_TARGET_NAME = "04. PropertiesPart2Lesson";
			};
			name = Debug;
		};
		8354D8DF260CD0DC008BB41B /* Release */ = {
			isa = XCBuildConfiguration;
			buildSettings = {
				CODE_SIGN_STYLE = Automatic;
				DEVELOPMENT_TEAM = 2Z2D88P9NV;
				INFOPLIST_FILE = "04. PropertiesPart2LessonUITests/Info.plist";
				LD_RUNPATH_SEARCH_PATHS = (
					"$(inherited)",
					"@executable_path/Frameworks",
					"@loader_path/Frameworks",
				);
				PRODUCT_BUNDLE_IDENTIFIER = "com.dmytrosayko.-4--PropertiesPart2LessonUITests";
				PRODUCT_NAME = "$(TARGET_NAME)";
				TARGETED_DEVICE_FAMILY = "1,2";
				TEST_TARGET_NAME = "04. PropertiesPart2Lesson";
			};
			name = Release;
		};
/* End XCBuildConfiguration section */

/* Begin XCConfigurationList section */
		8354D8A3260CD0DA008BB41B /* Build configuration list for PBXProject "04. PropertiesPart2Lesson" */ = {
			isa = XCConfigurationList;
			buildConfigurations = (
				8354D8D5260CD0DC008BB41B /* Debug */,
				8354D8D6260CD0DC008BB41B /* Release */,
			);
			defaultConfigurationIsVisible = 0;
			defaultConfigurationName = Release;
		};
		8354D8D7260CD0DC008BB41B /* Build configuration list for PBXNativeTarget "04. PropertiesPart2Lesson" */ = {
			isa = XCConfigurationList;
			buildConfigurations = (
				8354D8D8260CD0DC008BB41B /* Debug */,
				8354D8D9260CD0DC008BB41B /* Release */,
			);
			defaultConfigurationIsVisible = 0;
			defaultConfigurationName = Release;
		};
		8354D8DA260CD0DC008BB41B /* Build configuration list for PBXNativeTarget "04. PropertiesPart2LessonTests" */ = {
			isa = XCConfigurationList;
			buildConfigurations = (
				8354D8DB260CD0DC008BB41B /* Debug */,
				8354D8DC260CD0DC008BB41B /* Release */,
			);
			defaultConfigurationIsVisible = 0;
			defaultConfigurationName = Release;
		};
		8354D8DD260CD0DC008BB41B /* Build configuration list for PBXNativeTarget "04. PropertiesPart2LessonUITests" */ = {
			isa = XCConfigurationList;
			buildConfigurations = (
				8354D8DE260CD0DC008BB41B /* Debug */,
				8354D8DF260CD0DC008BB41B /* Release */,
			);
			defaultConfigurationIsVisible = 0;
			defaultConfigurationName = Release;
		};
/* End XCConfigurationList section */
	};
	rootObject = 8354D8A0260CD0DA008BB41B /* Project object */;
}
